
Microsoft Visual Studio Solution File, Format Version 12.00
# Visual Studio Version 17
VisualStudioVersion = 17.3.32922.545
MinimumVisualStudioVersion = 10.0.40219.1
Project("{9A19103F-16F7-4668-BE54-9A1E7A4F7556}") = "Repositorio", "Repositorio\Repositorio.csproj", "{2791EC0F-1663-470C-A7A2-54403E377D15}"
EndProject
Project("{9A19103F-16F7-4668-BE54-9A1E7A4F7556}") = "ApiEmpleados", "ApiEmpleados\ApiEmpleados.csproj", "{C371FF55-CADC-4684-B8C7-EF7D4A0A70E7}"
EndProject
Global
	GlobalSection(SolutionConfigurationPlatforms) = preSolution
		Debug|Any CPU = Debug|Any CPU
		Release|Any CPU = Release|Any CPU
	EndGlobalSection
	GlobalSection(ProjectConfigurationPlatforms) = postSolution
		{2791EC0F-1663-470C-A7A2-54403E377D15}.Debug|Any CPU.ActiveCfg = Debug|Any CPU
		{2791EC0F-1663-470C-A7A2-54403E377D15}.Debug|Any CPU.Build.0 = Debug|Any CPU
		{2791EC0F-1663-470C-A7A2-54403E377D15}.Release|Any CPU.ActiveCfg = Release|Any CPU
		{2791EC0F-1663-470C-A7A2-54403E377D15}.Release|Any CPU.Build.0 = Release|Any CPU
		{C371FF55-CADC-4684-B8C7-EF7D4A0A70E7}.Debug|Any CPU.ActiveCfg = Debug|Any CPU
		{C371FF55-CADC-4684-B8C7-EF7D4A0A70E7}.Debug|Any CPU.Build.0 = Debug|Any CPU
		{C371FF55-CADC-4684-B8C7-EF7D4A0A70E7}.Release|Any CPU.ActiveCfg = Release|Any CPU
		{C371FF55-CADC-4684-B8C7-EF7D4A0A70E7}.Release|Any CPU.Build.0 = Release|Any CPU
	EndGlobalSection
	GlobalSection(SolutionProperties) = preSolution
		HideSolutionNode = FALSE
	EndGlobalSection
	GlobalSection(ExtensibilityGlobals) = postSolution
		SolutionGuid = {05306EBF-A10F-46E3-AE29-0D8F52F2E609}
	EndGlobalSection
EndGlobal
